// !$*UTF8*$!
{
	archiveVersion = 1;
	classes = {
	};
	objectVersion = 46;
	objects = {

/* Begin PBXBuildFile section */
		815717A71EEA6FB4009E2F37 /* main.m in Sources */ = {isa = PBXBuildFile; fileRef = 815717A61EEA6FB4009E2F37 /* main.m */; };
		815717AA1EEA6FB4009E2F37 /* AppDelegate.m in Sources */ = {isa = PBXBuildFile; fileRef = 815717A91EEA6FB4009E2F37 /* AppDelegate.m */; };
		815717AD1EEA6FB4009E2F37 /* ViewController.m in Sources */ = {isa = PBXBuildFile; fileRef = 815717AC1EEA6FB4009E2F37 /* ViewController.m */; };
		815717B21EEA6FB4009E2F37 /* Assets.xcassets in Resources */ = {isa = PBXBuildFile; fileRef = 815717B11EEA6FB4009E2F37 /* Assets.xcassets */; };
		815717B51EEA6FB4009E2F37 /* LaunchScreen.storyboard in Resources */ = {isa = PBXBuildFile; fileRef = 815717B31EEA6FB4009E2F37 /* LaunchScreen.storyboard */; };
		CB4D9B1722E01345004C61C3 /* UINavigationController+LGNavigationBarAppearance.m in Sources */ = {isa = PBXBuildFile; fileRef = CB4D9B1622E01345004C61C3 /* UINavigationController+LGNavigationBarAppearance.m */; };
		CBA3AEEC20AC283100F056C8 /* README.MD in Resources */ = {isa = PBXBuildFile; fileRef = CBA3AEEB20AC283100F056C8 /* README.MD */; };
		CBA3AEEF20AC2E6300F056C8 /* LGPushAnimatedTransitioning.m in Sources */ = {isa = PBXBuildFile; fileRef = CBA3AEEE20AC2E6300F056C8 /* LGPushAnimatedTransitioning.m */; };
		CBA3AEF220AC343600F056C8 /* LGNavigationControllerDelegate.m in Sources */ = {isa = PBXBuildFile; fileRef = CBA3AEF120AC343600F056C8 /* LGNavigationControllerDelegate.m */; };
		CBA3AEF520AC392A00F056C8 /* LGPopAnimatedTransitioning.m in Sources */ = {isa = PBXBuildFile; fileRef = CBA3AEF420AC392A00F056C8 /* LGPopAnimatedTransitioning.m */; };
		CBABD8BD20AE6A1400893392 /* LGNavigationController.m in Sources */ = {isa = PBXBuildFile; fileRef = CBABD8BC20AE6A1400893392 /* LGNavigationController.m */; };
		CBABD8C320AE7F5600893392 /* LGNavigationControllerCustomTransition.m in Sources */ = {isa = PBXBuildFile; fileRef = CBABD8C220AE7F5600893392 /* LGNavigationControllerCustomTransition.m */; };
		CBABD8C920AEBEB300893392 /* OtherViewController.m in Sources */ = {isa = PBXBuildFile; fileRef = CBABD8C820AEBEB300893392 /* OtherViewController.m */; };
		CBEE753720AD7B280054A1DE /* LGAnimatedController.m in Sources */ = {isa = PBXBuildFile; fileRef = CBEE753620AD7B280054A1DE /* LGAnimatedController.m */; };
		CD1BFA9C20ADC82900661818 /* LGInteractiveController.m in Sources */ = {isa = PBXBuildFile; fileRef = CD1BFA9B20ADC82900661818 /* LGInteractiveController.m */; };
/* End PBXBuildFile section */

/* Begin PBXFileReference section */
		815717A21EEA6FB4009E2F37 /* LGNavigationController.app */ = {isa = PBXFileReference; explicitFileType = wrapper.application; includeInIndex = 0; path = LGNavigationController.app; sourceTree = BUILT_PRODUCTS_DIR; };
		815717A61EEA6FB4009E2F37 /* main.m */ = {isa = PBXFileReference; lastKnownFileType = sourcecode.c.objc; path = main.m; sourceTree = "<group>"; };
		815717A81EEA6FB4009E2F37 /* AppDelegate.h */ = {isa = PBXFileReference; lastKnownFileType = sourcecode.c.h; path = AppDelegate.h; sourceTree = "<group>"; };
		815717A91EEA6FB4009E2F37 /* AppDelegate.m */ = {isa = PBXFileReference; lastKnownFileType = sourcecode.c.objc; path = AppDelegate.m; sourceTree = "<group>"; };
		815717AB1EEA6FB4009E2F37 /* ViewController.h */ = {isa = PBXFileReference; lastKnownFileType = sourcecode.c.h; path = ViewController.h; sourceTree = "<group>"; };
		815717AC1EEA6FB4009E2F37 /* ViewController.m */ = {isa = PBXFileReference; lastKnownFileType = sourcecode.c.objc; path = ViewController.m; sourceTree = "<group>"; };
		815717B11EEA6FB4009E2F37 /* Assets.xcassets */ = {isa = PBXFileReference; lastKnownFileType = folder.assetcatalog; path = Assets.xcassets; sourceTree = "<group>"; };
		815717B41EEA6FB4009E2F37 /* Base */ = {isa = PBXFileReference; lastKnownFileType = file.storyboard; name = Base; path = Base.lproj/LaunchScreen.storyboard; sourceTree = "<group>"; };
		815717B61EEA6FB4009E2F37 /* Info.plist */ = {isa = PBXFileReference; lastKnownFileType = text.plist.xml; path = Info.plist; sourceTree = "<group>"; };
		CB4D9B1522E01345004C61C3 /* UINavigationController+LGNavigationBarAppearance.h */ = {isa = PBXFileReference; fileEncoding = 4; lastKnownFileType = sourcecode.c.h; path = "UINavigationController+LGNavigationBarAppearance.h"; sourceTree = "<group>"; };
		CB4D9B1622E01345004C61C3 /* UINavigationController+LGNavigationBarAppearance.m */ = {isa = PBXFileReference; fileEncoding = 4; lastKnownFileType = sourcecode.c.objc; path = "UINavigationController+LGNavigationBarAppearance.m"; sourceTree = "<group>"; };
		CBA3AEEB20AC283100F056C8 /* README.MD */ = {isa = PBXFileReference; lastKnownFileType = net.daringfireball.markdown; path = README.MD; sourceTree = "<group>"; };
		CBA3AEED20AC2E6300F056C8 /* LGPushAnimatedTransitioning.h */ = {isa = PBXFileReference; lastKnownFileType = sourcecode.c.h; path = LGPushAnimatedTransitioning.h; sourceTree = "<group>"; };
		CBA3AEEE20AC2E6300F056C8 /* LGPushAnimatedTransitioning.m */ = {isa = PBXFileReference; lastKnownFileType = sourcecode.c.objc; path = LGPushAnimatedTransitioning.m; sourceTree = "<group>"; };
		CBA3AEF020AC343600F056C8 /* LGNavigationControllerDelegate.h */ = {isa = PBXFileReference; lastKnownFileType = sourcecode.c.h; path = LGNavigationControllerDelegate.h; sourceTree = "<group>"; };
		CBA3AEF120AC343600F056C8 /* LGNavigationControllerDelegate.m */ = {isa = PBXFileReference; lastKnownFileType = sourcecode.c.objc; path = LGNavigationControllerDelegate.m; sourceTree = "<group>"; };
		CBA3AEF320AC392A00F056C8 /* LGPopAnimatedTransitioning.h */ = {isa = PBXFileReference; lastKnownFileType = sourcecode.c.h; path = LGPopAnimatedTransitioning.h; sourceTree = "<group>"; };
		CBA3AEF420AC392A00F056C8 /* LGPopAnimatedTransitioning.m */ = {isa = PBXFileReference; lastKnownFileType = sourcecode.c.objc; path = LGPopAnimatedTransitioning.m; sourceTree = "<group>"; };
		CBABD8BB20AE6A1400893392 /* LGNavigationController.h */ = {isa = PBXFileReference; lastKnownFileType = sourcecode.c.h; path = LGNavigationController.h; sourceTree = "<group>"; };
		CBABD8BC20AE6A1400893392 /* LGNavigationController.m */ = {isa = PBXFileReference; lastKnownFileType = sourcecode.c.objc; path = LGNavigationController.m; sourceTree = "<group>"; };
		CBABD8C120AE7F5600893392 /* LGNavigationControllerCustomTransition.h */ = {isa = PBXFileReference; lastKnownFileType = sourcecode.c.h; path = LGNavigationControllerCustomTransition.h; sourceTree = "<group>"; };
		CBABD8C220AE7F5600893392 /* LGNavigationControllerCustomTransition.m */ = {isa = PBXFileReference; lastKnownFileType = sourcecode.c.objc; path = LGNavigationControllerCustomTransition.m; sourceTree = "<group>"; };
		CBABD8C720AEBEB300893392 /* OtherViewController.h */ = {isa = PBXFileReference; lastKnownFileType = sourcecode.c.h; path = OtherViewController.h; sourceTree = "<group>"; };
		CBABD8C820AEBEB300893392 /* OtherViewController.m */ = {isa = PBXFileReference; lastKnownFileType = sourcecode.c.objc; path = OtherViewController.m; sourceTree = "<group>"; };
		CBEE753520AD7B280054A1DE /* LGAnimatedController.h */ = {isa = PBXFileReference; lastKnownFileType = sourcecode.c.h; path = LGAnimatedController.h; sourceTree = "<group>"; };
		CBEE753620AD7B280054A1DE /* LGAnimatedController.m */ = {isa = PBXFileReference; lastKnownFileType = sourcecode.c.objc; path = LGAnimatedController.m; sourceTree = "<group>"; };
		CD1BFA9A20ADC82900661818 /* LGInteractiveController.h */ = {isa = PBXFileReference; lastKnownFileType = sourcecode.c.h; path = LGInteractiveController.h; sourceTree = "<group>"; };
		CD1BFA9B20ADC82900661818 /* LGInteractiveController.m */ = {isa = PBXFileReference; lastKnownFileType = sourcecode.c.objc; path = LGInteractiveController.m; sourceTree = "<group>"; };
/* End PBXFileReference section */

/* Begin PBXFrameworksBuildPhase section */
		8157179F1EEA6FB3009E2F37 /* Frameworks */ = {
			isa = PBXFrameworksBuildPhase;
			buildActionMask = 2147483647;
			files = (
			);
			runOnlyForDeploymentPostprocessing = 0;
		};
/* End PBXFrameworksBuildPhase section */

/* Begin PBXGroup section */
		815717991EEA6FB3009E2F37 = {
			isa = PBXGroup;
			children = (
				CBA3AEEB20AC283100F056C8 /* README.MD */,
				CB4D9B1422E01345004C61C3 /* LGNavigationBarAppearance */,
				815717A41EEA6FB4009E2F37 /* LGNavigationController */,
				815717A31EEA6FB4009E2F37 /* Products */,
			);
			sourceTree = "<group>";
		};
		815717A31EEA6FB4009E2F37 /* Products */ = {
			isa = PBXGroup;
			children = (
				815717A21EEA6FB4009E2F37 /* LGNavigationController.app */,
			);
			name = Products;
			sourceTree = "<group>";
		};
		815717A41EEA6FB4009E2F37 /* LGNavigationController */ = {
			isa = PBXGroup;
			children = (
				CBABD8BA20AE69E000893392 /* 自定义 UINavigationController */,
				CBEE753420AD7AE70054A1DE /* 转场控制器 */,
				CD1BFA9920ADC76B00661818 /* 交互控制器 */,
				CBEE752220AD1F940054A1DE /* 动画控制器 */,
				815717A81EEA6FB4009E2F37 /* AppDelegate.h */,
				815717A91EEA6FB4009E2F37 /* AppDelegate.m */,
				815717AB1EEA6FB4009E2F37 /* ViewController.h */,
				815717AC1EEA6FB4009E2F37 /* ViewController.m */,
				CBABD8C720AEBEB300893392 /* OtherViewController.h */,
				CBABD8C820AEBEB300893392 /* OtherViewController.m */,
				815717B11EEA6FB4009E2F37 /* Assets.xcassets */,
				815717B31EEA6FB4009E2F37 /* LaunchScreen.storyboard */,
				815717B61EEA6FB4009E2F37 /* Info.plist */,
				815717A51EEA6FB4009E2F37 /* Supporting Files */,
			);
			path = LGNavigationController;
			sourceTree = "<group>";
		};
		815717A51EEA6FB4009E2F37 /* Supporting Files */ = {
			isa = PBXGroup;
			children = (
				815717A61EEA6FB4009E2F37 /* main.m */,
			);
			name = "Supporting Files";
			sourceTree = "<group>";
		};
		CB4D9B1422E01345004C61C3 /* LGNavigationBarAppearance */ = {
			isa = PBXGroup;
			children = (
				CB4D9B1522E01345004C61C3 /* UINavigationController+LGNavigationBarAppearance.h */,
				CB4D9B1622E01345004C61C3 /* UINavigationController+LGNavigationBarAppearance.m */,
			);
			path = LGNavigationBarAppearance;
			sourceTree = "<group>";
		};
		CBABD8BA20AE69E000893392 /* 自定义 UINavigationController */ = {
			isa = PBXGroup;
			children = (
				CBABD8BB20AE6A1400893392 /* LGNavigationController.h */,
				CBABD8BC20AE6A1400893392 /* LGNavigationController.m */,
				CBABD8C120AE7F5600893392 /* LGNavigationControllerCustomTransition.h */,
				CBABD8C220AE7F5600893392 /* LGNavigationControllerCustomTransition.m */,
			);
			path = "自定义 UINavigationController";
			sourceTree = "<group>";
		};
		CBEE752220AD1F940054A1DE /* 动画控制器 */ = {
			isa = PBXGroup;
			children = (
				CBA3AEED20AC2E6300F056C8 /* LGPushAnimatedTransitioning.h */,
				CBA3AEEE20AC2E6300F056C8 /* LGPushAnimatedTransitioning.m */,
				CBA3AEF320AC392A00F056C8 /* LGPopAnimatedTransitioning.h */,
				CBA3AEF420AC392A00F056C8 /* LGPopAnimatedTransitioning.m */,
				CBEE753520AD7B280054A1DE /* LGAnimatedController.h */,
				CBEE753620AD7B280054A1DE /* LGAnimatedController.m */,
			);
			path = "动画控制器";
			sourceTree = "<group>";
		};
		CBEE753420AD7AE70054A1DE /* 转场控制器 */ = {
			isa = PBXGroup;
			children = (
				CBA3AEF020AC343600F056C8 /* LGNavigationControllerDelegate.h */,
				CBA3AEF120AC343600F056C8 /* LGNavigationControllerDelegate.m */,
			);
			path = "转场控制器";
			sourceTree = "<group>";
		};
		CD1BFA9920ADC76B00661818 /* 交互控制器 */ = {
			isa = PBXGroup;
			children = (
				CD1BFA9A20ADC82900661818 /* LGInteractiveController.h */,
				CD1BFA9B20ADC82900661818 /* LGInteractiveController.m */,
			);
			path = "交互控制器";
			sourceTree = "<group>";
		};
/* End PBXGroup section */

/* Begin PBXNativeTarget section */
		815717A11EEA6FB3009E2F37 /* LGNavigationController */ = {
			isa = PBXNativeTarget;
			buildConfigurationList = 815717B91EEA6FB4009E2F37 /* Build configuration list for PBXNativeTarget "LGNavigationController" */;
			buildPhases = (
				8157179E1EEA6FB3009E2F37 /* Sources */,
				8157179F1EEA6FB3009E2F37 /* Frameworks */,
				815717A01EEA6FB3009E2F37 /* Resources */,
			);
			buildRules = (
			);
			dependencies = (
			);
			name = LGNavigationController;
			productName = LGNavigationController;
			productReference = 815717A21EEA6FB4009E2F37 /* LGNavigationController.app */;
			productType = "com.apple.product-type.application";
		};
/* End PBXNativeTarget section */

/* Begin PBXProject section */
		8157179A1EEA6FB3009E2F37 /* Project object */ = {
			isa = PBXProject;
			attributes = {
				LastUpgradeCheck = 1110;
				ORGANIZATIONNAME = iOS;
				TargetAttributes = {
					815717A11EEA6FB3009E2F37 = {
						CreatedOnToolsVersion = 8.3.2;
						DevelopmentTeam = P9U3B2WZ8G;
						ProvisioningStyle = Automatic;
					};
				};
			};
			buildConfigurationList = 8157179D1EEA6FB3009E2F37 /* Build configuration list for PBXProject "LGNavigationController" */;
			compatibilityVersion = "Xcode 3.2";
			developmentRegion = en;
			hasScannedForEncodings = 0;
			knownRegions = (
				en,
				Base,
			);
			mainGroup = 815717991EEA6FB3009E2F37;
			productRefGroup = 815717A31EEA6FB4009E2F37 /* Products */;
			projectDirPath = "";
			projectRoot = "";
			targets = (
				815717A11EEA6FB3009E2F37 /* LGNavigationController */,
			);
		};
/* End PBXProject section */

/* Begin PBXResourcesBuildPhase section */
		815717A01EEA6FB3009E2F37 /* Resources */ = {
			isa = PBXResourcesBuildPhase;
			buildActionMask = 2147483647;
			files = (
				CBA3AEEC20AC283100F056C8 /* README.MD in Resources */,
				815717B51EEA6FB4009E2F37 /* LaunchScreen.storyboard in Resources */,
				815717B21EEA6FB4009E2F37 /* Assets.xcassets in Resources */,
			);
			runOnlyForDeploymentPostprocessing = 0;
		};
/* End PBXResourcesBuildPhase section */

/* Begin PBXSourcesBuildPhase section */
		8157179E1EEA6FB3009E2F37 /* Sources */ = {
			isa = PBXSourcesBuildPhase;
			buildActionMask = 2147483647;
			files = (
				CBEE753720AD7B280054A1DE /* LGAnimatedController.m in Sources */,
				815717AD1EEA6FB4009E2F37 /* ViewController.m in Sources */,
				CD1BFA9C20ADC82900661818 /* LGInteractiveController.m in Sources */,
				CBA3AEEF20AC2E6300F056C8 /* LGPushAnimatedTransitioning.m in Sources */,
				815717AA1EEA6FB4009E2F37 /* AppDelegate.m in Sources */,
				CBABD8BD20AE6A1400893392 /* LGNavigationController.m in Sources */,
				CBA3AEF520AC392A00F056C8 /* LGPopAnimatedTransitioning.m in Sources */,
				815717A71EEA6FB4009E2F37 /* main.m in Sources */,
				CBABD8C920AEBEB300893392 /* OtherViewController.m in Sources */,
				CBABD8C320AE7F5600893392 /* LGNavigationControllerCustomTransition.m in Sources */,
				CB4D9B1722E01345004C61C3 /* UINavigationController+LGNavigationBarAppearance.m in Sources */,
				CBA3AEF220AC343600F056C8 /* LGNavigationControllerDelegate.m in Sources */,
			);
			runOnlyForDeploymentPostprocessing = 0;
		};
/* End PBXSourcesBuildPhase section */

/* Begin PBXVariantGroup section */
		815717B31EEA6FB4009E2F37 /* LaunchScreen.storyboard */ = {
			isa = PBXVariantGroup;
			children = (
				815717B41EEA6FB4009E2F37 /* Base */,
			);
			name = LaunchScreen.storyboard;
			sourceTree = "<group>";
		};
/* End PBXVariantGroup section */

/* Begin XCBuildConfiguration section */
		815717B71EEA6FB4009E2F37 /* Debug */ = {
			isa = XCBuildConfiguration;
			buildSettings = {
				ALWAYS_SEARCH_USER_PATHS = NO;
				CLANG_ANALYZER_LOCALIZABILITY_NONLOCALIZED = YES;
				CLANG_ANALYZER_NONNULL = YES;
				CLANG_ANALYZER_NUMBER_OBJECT_CONVERSION = YES_AGGRESSIVE;
				CLANG_CXX_LANGUAGE_STANDARD = "gnu++0x";
				CLANG_CXX_LIBRARY = "libc++";
				CLANG_ENABLE_MODULES = YES;
				CLANG_ENABLE_OBJC_ARC = YES;
				CLANG_WARN_BLOCK_CAPTURE_AUTORELEASING = YES;
				CLANG_WARN_BOOL_CONVERSION = YES;
				CLANG_WARN_COMMA = YES;
				CLANG_WARN_CONSTANT_CONVERSION = YES;
				CLANG_WARN_DEPRECATED_OBJC_IMPLEMENTATIONS = YES;
				CLANG_WARN_DIRECT_OBJC_ISA_USAGE = YES_ERROR;
				CLANG_WARN_DOCUMENTATION_COMMENTS = YES;
				CLANG_WARN_EMPTY_BODY = YES;
				CLANG_WARN_ENUM_CONVERSION = YES;
				CLANG_WARN_INFINITE_RECURSION = YES;
				CLANG_WARN_INT_CONVERSION = YES;
				CLANG_WARN_NON_LITERAL_NULL_CONVERSION = YES;
				CLANG_WARN_OBJC_IMPLICIT_RETAIN_SELF = YES;
				CLANG_WARN_OBJC_LITERAL_CONVERSION = YES;
				CLANG_WARN_OBJC_ROOT_CLASS = YES_ERROR;
				CLANG_WARN_RANGE_LOOP_ANALYSIS = YES;
				CLANG_WARN_STRICT_PROTOTYPES = YES;
				CLANG_WARN_SUSPICIOUS_MOVE = YES;
				CLANG_WARN_UNREACHABLE_CODE = YES;
				CLANG_WARN__DUPLICATE_METHOD_MATCH = YES;
				"CODE_SIGN_IDENTITY[sdk=iphoneos*]" = "iPhone Developer";
				COPY_PHASE_STRIP = NO;
				DEBUG_INFORMATION_FORMAT = dwarf;
				ENABLE_STRICT_OBJC_MSGSEND = YES;
				ENABLE_TESTABILITY = YES;
				GCC_C_LANGUAGE_STANDARD = gnu99;
				GCC_DYNAMIC_NO_PIC = NO;
				GCC_NO_COMMON_BLOCKS = YES;
				GCC_OPTIMIZATION_LEVEL = 0;
				GCC_PREPROCESSOR_DEFINITIONS = (
					"DEBUG=1",
					"$(inherited)",
				);
				GCC_WARN_64_TO_32_BIT_CONVERSION = YES;
				GCC_WARN_ABOUT_RETURN_TYPE = YES_ERROR;
				GCC_WARN_UNDECLARED_SELECTOR = YES;
				GCC_WARN_UNINITIALIZED_AUTOS = YES_AGGRESSIVE;
				GCC_WARN_UNUSED_FUNCTION = YES;
				GCC_WARN_UNUSED_VARIABLE = YES;
				IPHONEOS_DEPLOYMENT_TARGET = 8.0;
				MTL_ENABLE_DEBUG_INFO = YES;
				ONLY_ACTIVE_ARCH = YES;
				SDKROOT = iphoneos;
			};
			name = Debug;
		};
		815717B81EEA6FB4009E2F37 /* Release */ = {
			isa = XCBuildConfiguration;
			buildSettings = {
				ALWAYS_SEARCH_USER_PATHS = NO;
				CLANG_ANALYZER_LOCALIZABILITY_NONLOCALIZED = YES;
				CLANG_ANALYZER_NONNULL = YES;
				CLANG_ANALYZER_NUMBER_OBJECT_CONVERSION = YES_AGGRESSIVE;
				CLANG_CXX_LANGUAGE_STANDARD = "gnu++0x";
				CLANG_CXX_LIBRARY = "libc++";
				CLANG_ENABLE_MODULES = YES;
				CLANG_ENABLE_OBJC_ARC = YES;
				CLANG_WARN_BLOCK_CAPTURE_AUTORELEASING = YES;
				CLANG_WARN_BOOL_CONVERSION = YES;
				CLANG_WARN_COMMA = YES;
				CLANG_WARN_CONSTANT_CONVERSION = YES;
				CLANG_WARN_DEPRECATED_OBJC_IMPLEMENTATIONS = YES;
				CLANG_WARN_DIRECT_OBJC_ISA_USAGE = YES_ERROR;
				CLANG_WARN_DOCUMENTATION_COMMENTS = YES;
				CLANG_WARN_EMPTY_BODY = YES;
				CLANG_WARN_ENUM_CONVERSION = YES;
				CLANG_WARN_INFINITE_RECURSION = YES;
				CLANG_WARN_INT_CONVERSION = YES;
				CLANG_WARN_NON_LITERAL_NULL_CONVERSION = YES;
				CLANG_WARN_OBJC_IMPLICIT_RETAIN_SELF = YES;
				CLANG_WARN_OBJC_LITERAL_CONVERSION = YES;
				CLANG_WARN_OBJC_ROOT_CLASS = YES_ERROR;
				CLANG_WARN_RANGE_LOOP_ANALYSIS = YES;
				CLANG_WARN_STRICT_PROTOTYPES = YES;
				CLANG_WARN_SUSPICIOUS_MOVE = YES;
				CLANG_WARN_UNREACHABLE_CODE = YES;
				CLANG_WARN__DUPLICATE_METHOD_MATCH = YES;
				"CODE_SIGN_IDENTITY[sdk=iphoneos*]" = "iPhone Developer";
				COPY_PHASE_STRIP = NO;
				DEBUG_INFORMATION_FORMAT = "dwarf-with-dsym";
				ENABLE_NS_ASSERTIONS = NO;
				ENABLE_STRICT_OBJC_MSGSEND = YES;
				GCC_C_LANGUAGE_STANDARD = gnu99;
				GCC_NO_COMMON_BLOCKS = YES;
				GCC_WARN_64_TO_32_BIT_CONVERSION = YES;
				GCC_WARN_ABOUT_RETURN_TYPE = YES_ERROR;
				GCC_WARN_UNDECLARED_SELECTOR = YES;
				GCC_WARN_UNINITIALIZED_AUTOS = YES_AGGRESSIVE;
				GCC_WARN_UNUSED_FUNCTION = YES;
				GCC_WARN_UNUSED_VARIABLE = YES;
				IPHONEOS_DEPLOYMENT_TARGET = 8.0;
				MTL_ENABLE_DEBUG_INFO = NO;
				SDKROOT = iphoneos;
				VALIDATE_PRODUCT = YES;
			};
			name = Release;
		};
		815717BA1EEA6FB4009E2F37 /* Debug */ = {
			isa = XCBuildConfiguration;
			buildSettings = {
				ASSETCATALOG_COMPILER_APPICON_NAME = AppIcon;
				DEVELOPMENT_TEAM = P9U3B2WZ8G;
				INFOPLIST_FILE = LGNavigationController/Info.plist;
				LD_RUNPATH_SEARCH_PATHS = "$(inherited) @executable_path/Frameworks";
				PRODUCT_BUNDLE_IDENTIFIER = net.arrcencloud.LGNavigationController;
				PRODUCT_NAME = "$(TARGET_NAME)";
			};
			name = Debug;
		};
		815717BB1EEA6FB4009E2F37 /* Release */ = {
			isa = XCBuildConfiguration;
			buildSettings = {
				ASSETCATALOG_COMPILER_APPICON_NAME = AppIcon;
				DEVELOPMENT_TEAM = P9U3B2WZ8G;
				INFOPLIST_FILE = LGNavigationController/Info.plist;
				LD_RUNPATH_SEARCH_PATHS = "$(inherited) @executable_path/Frameworks";
				PRODUCT_BUNDLE_IDENTIFIER = net.arrcencloud.LGNavigationController;
				PRODUCT_NAME = "$(TARGET_NAME)";
			};
			name = Release;
		};
/* End XCBuildConfiguration section */

/* Begin XCConfigurationList section */
		8157179D1EEA6FB3009E2F37 /* Build configuration list for PBXProject "LGNavigationController" */ = {
			isa = XCConfigurationList;
			buildConfigurations = (
				815717B71EEA6FB4009E2F37 /* Debug */,
				815717B81EEA6FB4009E2F37 /* Release */,
			);
			defaultConfigurationIsVisible = 0;
			defaultConfigurationName = Release;
		};
		815717B91EEA6FB4009E2F37 /* Build configuration list for PBXNativeTarget "LGNavigationController" */ = {
			isa = XCConfigurationList;
			buildConfigurations = (
				815717BA1EEA6FB4009E2F37 /* Debug */,
				815717BB1EEA6FB4009E2F37 /* Release */,
			);
			defaultConfigurationIsVisible = 0;
			defaultConfigurationName = Release;
		};
/* End XCConfigurationList section */
	};
	rootObject = 8157179A1EEA6FB3009E2F37 /* Project object */;
}
